
Microsoft Visual Studio Solution File, Format Version 12.00
# Visual Studio Version 16
VisualStudioVersion = 16.0.29215.179
MinimumVisualStudioVersion = 10.0.40219.1
Project("{9A19103F-16F7-4668-BE54-9A1E7A4F7556}") = "JCSoft.MyServices", "JCSoft.MyServices.csproj", "{2FA28709-06F8-4F69-B51E-4D920720E543}"
EndProject
Project("{9A19103F-16F7-4668-BE54-9A1E7A4F7556}") = "JCSoft.MyServices.WebCore", "..\JCSoft.MyServices.WebCore\JCSoft.MyServices.WebCore.csproj", "{BF6FF7F8-4D76-48E9-8F41-E17D7CB70EF8}"
EndProject
Project("{2150E333-8FDC-42A3-9474-1A3956D46DE8}") = "docker", "docker", "{48CCF0ED-8A4E-4A63-9A50-39A1E60EA155}"
EndProject
Project("{FAE04EC0-301F-11D3-BF4B-00C04F79EFBC}") = "JCSoft.MyServices.Utils", "..\JCSoft.MyServices.Utils\JCSoft.MyServices.Utils.csproj", "{19E31C1A-599C-48DB-8A60-CAD870C7FACB}"
EndProject
Project("{FAE04EC0-301F-11D3-BF4B-00C04F79EFBC}") = "JCSoft.MyServices.Business", "..\JCSoft.MyServices.Bussiness\JCSoft.MyServices.Business.csproj", "{BB3D16CE-0932-4F06-B5E2-BB0E792AB53C}"
EndProject
Project("{FAE04EC0-301F-11D3-BF4B-00C04F79EFBC}") = "JCSoft.MyServices.Models", "..\JCSoft.MyServices.Models\JCSoft.MyServices.Models.csproj", "{BD832308-1A73-42E6-AAA7-5444E4013BD7}"
EndProject
Global
	GlobalSection(SolutionConfigurationPlatforms) = preSolution
		Debug|Any CPU = Debug|Any CPU
		Release|Any CPU = Release|Any CPU
	EndGlobalSection
	GlobalSection(ProjectConfigurationPlatforms) = postSolution
		{2FA28709-06F8-4F69-B51E-4D920720E543}.Debug|Any CPU.ActiveCfg = Debug|Any CPU
		{2FA28709-06F8-4F69-B51E-4D920720E543}.Debug|Any CPU.Build.0 = Debug|Any CPU
		{2FA28709-06F8-4F69-B51E-4D920720E543}.Release|Any CPU.ActiveCfg = Release|Any CPU
		{2FA28709-06F8-4F69-B51E-4D920720E543}.Release|Any CPU.Build.0 = Release|Any CPU
		{BF6FF7F8-4D76-48E9-8F41-E17D7CB70EF8}.Debug|Any CPU.ActiveCfg = Debug|Any CPU
		{BF6FF7F8-4D76-48E9-8F41-E17D7CB70EF8}.Debug|Any CPU.Build.0 = Debug|Any CPU
		{BF6FF7F8-4D76-48E9-8F41-E17D7CB70EF8}.Release|Any CPU.ActiveCfg = Release|Any CPU
		{BF6FF7F8-4D76-48E9-8F41-E17D7CB70EF8}.Release|Any CPU.Build.0 = Release|Any CPU
		{19E31C1A-599C-48DB-8A60-CAD870C7FACB}.Debug|Any CPU.ActiveCfg = Debug|Any CPU
		{19E31C1A-599C-48DB-8A60-CAD870C7FACB}.Debug|Any CPU.Build.0 = Debug|Any CPU
		{19E31C1A-599C-48DB-8A60-CAD870C7FACB}.Release|Any CPU.ActiveCfg = Release|Any CPU
		{19E31C1A-599C-48DB-8A60-CAD870C7FACB}.Release|Any CPU.Build.0 = Release|Any CPU
		{BB3D16CE-0932-4F06-B5E2-BB0E792AB53C}.Debug|Any CPU.ActiveCfg = Debug|Any CPU
		{BB3D16CE-0932-4F06-B5E2-BB0E792AB53C}.Debug|Any CPU.Build.0 = Debug|Any CPU
		{BB3D16CE-0932-4F06-B5E2-BB0E792AB53C}.Release|Any CPU.ActiveCfg = Release|Any CPU
		{BB3D16CE-0932-4F06-B5E2-BB0E792AB53C}.Release|Any CPU.Build.0 = Release|Any CPU
		{BD832308-1A73-42E6-AAA7-5444E4013BD7}.Debug|Any CPU.ActiveCfg = Debug|Any CPU
		{BD832308-1A73-42E6-AAA7-5444E4013BD7}.Debug|Any CPU.Build.0 = Debug|Any CPU
		{BD832308-1A73-42E6-AAA7-5444E4013BD7}.Release|Any CPU.ActiveCfg = Release|Any CPU
		{BD832308-1A73-42E6-AAA7-5444E4013BD7}.Release|Any CPU.Build.0 = Release|Any CPU
	EndGlobalSection
	GlobalSection(SolutionProperties) = preSolution
		HideSolutionNode = FALSE
	EndGlobalSection
	GlobalSection(ExtensibilityGlobals) = postSolution
		SolutionGuid = {16D3CC52-5721-4224-93D6-93930E674B35}
	EndGlobalSection
EndGlobal
